// !$*UTF8*$!
{
	archiveVersion = 1;
	classes = {
	};
	objectVersion = 50;
	objects = {

/* Begin PBXBuildFile section */
		749EBBA226D2E3E600D31F20 /* AppDelegate.swift in Sources */ = {isa = PBXBuildFile; fileRef = 749EBBA126D2E3E600D31F20 /* AppDelegate.swift */; };
		749EBBA426D2E3E600D31F20 /* SceneDelegate.swift in Sources */ = {isa = PBXBuildFile; fileRef = 749EBBA326D2E3E600D31F20 /* SceneDelegate.swift */; };
		749EBBA626D2E3E600D31F20 /* ViewController.swift in Sources */ = {isa = PBXBuildFile; fileRef = 749EBBA526D2E3E600D31F20 /* ViewController.swift */; };
		749EBBA926D2E3E600D31F20 /* Main.storyboard in Resources */ = {isa = PBXBuildFile; fileRef = 749EBBA726D2E3E600D31F20 /* Main.storyboard */; };
		749EBBAB26D2E3E600D31F20 /* Assets.xcassets in Resources */ = {isa = PBXBuildFile; fileRef = 749EBBAA26D2E3E600D31F20 /* Assets.xcassets */; };
		749EBBAE26D2E3E600D31F20 /* LaunchScreen.storyboard in Resources */ = {isa = PBXBuildFile; fileRef = 749EBBAC26D2E3E600D31F20 /* LaunchScreen.storyboard */; };
		749EBBB926D2E3E600D31F20 /* codepathpreworkTests.swift in Sources */ = {isa = PBXBuildFile; fileRef = 749EBBB826D2E3E600D31F20 /* codepathpreworkTests.swift */; };
		749EBBC426D2E3E600D31F20 /* codepathpreworkUITests.swift in Sources */ = {isa = PBXBuildFile; fileRef = 749EBBC326D2E3E600D31F20 /* codepathpreworkUITests.swift */; };
/* End PBXBuildFile section */

/* Begin PBXContainerItemProxy section */
		749EBBB526D2E3E600D31F20 /* PBXContainerItemProxy */ = {
			isa = PBXContainerItemProxy;
			containerPortal = 749EBB9626D2E3E600D31F20 /* Project object */;
			proxyType = 1;
			remoteGlobalIDString = 749EBB9D26D2E3E600D31F20;
			remoteInfo = codepathprework;
		};
		749EBBC026D2E3E600D31F20 /* PBXContainerItemProxy */ = {
			isa = PBXContainerItemProxy;
			containerPortal = 749EBB9626D2E3E600D31F20 /* Project object */;
			proxyType = 1;
			remoteGlobalIDString = 749EBB9D26D2E3E600D31F20;
			remoteInfo = codepathprework;
		};
/* End PBXContainerItemProxy section */

/* Begin PBXFileReference section */
		749EBB9E26D2E3E600D31F20 /* codepathprework.app */ = {isa = PBXFileReference; explicitFileType = wrapper.application; includeInIndex = 0; path = codepathprework.app; sourceTree = BUILT_PRODUCTS_DIR; };
		749EBBA126D2E3E600D31F20 /* AppDelegate.swift */ = {isa = PBXFileReference; lastKnownFileType = sourcecode.swift; path = AppDelegate.swift; sourceTree = "<group>"; };
		749EBBA326D2E3E600D31F20 /* SceneDelegate.swift */ = {isa = PBXFileReference; lastKnownFileType = sourcecode.swift; path = SceneDelegate.swift; sourceTree = "<group>"; };
		749EBBA526D2E3E600D31F20 /* ViewController.swift */ = {isa = PBXFileReference; lastKnownFileType = sourcecode.swift; path = ViewController.swift; sourceTree = "<group>"; };
		749EBBA826D2E3E600D31F20 /* Base */ = {isa = PBXFileReference; lastKnownFileType = file.storyboard; name = Base; path = Base.lproj/Main.storyboard; sourceTree = "<group>"; };
		749EBBAA26D2E3E600D31F20 /* Assets.xcassets */ = {isa = PBXFileReference; lastKnownFileType = folder.assetcatalog; path = Assets.xcassets; sourceTree = "<group>"; };
		749EBBAD26D2E3E600D31F20 /* Base */ = {isa = PBXFileReference; lastKnownFileType = file.storyboard; name = Base; path = Base.lproj/LaunchScreen.storyboard; sourceTree = "<group>"; };
		749EBBAF26D2E3E600D31F20 /* Info.plist */ = {isa = PBXFileReference; lastKnownFileType = text.plist.xml; path = Info.plist; sourceTree = "<group>"; };
		749EBBB426D2E3E600D31F20 /* codepathpreworkTests.xctest */ = {isa = PBXFileReference; explicitFileType = wrapper.cfbundle; includeInIndex = 0; path = codepathpreworkTests.xctest; sourceTree = BUILT_PRODUCTS_DIR; };
		749EBBB826D2E3E600D31F20 /* codepathpreworkTests.swift */ = {isa = PBXFileReference; lastKnownFileType = sourcecode.swift; path = codepathpreworkTests.swift; sourceTree = "<group>"; };
		749EBBBA26D2E3E600D31F20 /* Info.plist */ = {isa = PBXFileReference; lastKnownFileType = text.plist.xml; path = Info.plist; sourceTree = "<group>"; };
		749EBBBF26D2E3E600D31F20 /* codepathpreworkUITests.xctest */ = {isa = PBXFileReference; explicitFileType = wrapper.cfbundle; includeInIndex = 0; path = codepathpreworkUITests.xctest; sourceTree = BUILT_PRODUCTS_DIR; };
		749EBBC326D2E3E600D31F20 /* codepathpreworkUITests.swift */ = {isa = PBXFileReference; lastKnownFileType = sourcecode.swift; path = codepathpreworkUITests.swift; sourceTree = "<group>"; };
		749EBBC526D2E3E600D31F20 /* Info.plist */ = {isa = PBXFileReference; lastKnownFileType = text.plist.xml; path = Info.plist; sourceTree = "<group>"; };
/* End PBXFileReference section */

/* Begin PBXFrameworksBuildPhase section */
		749EBB9B26D2E3E600D31F20 /* Frameworks */ = {
			isa = PBXFrameworksBuildPhase;
			buildActionMask = 2147483647;
			files = (
			);
			runOnlyForDeploymentPostprocessing = 0;
		};
		749EBBB126D2E3E600D31F20 /* Frameworks */ = {
			isa = PBXFrameworksBuildPhase;
			buildActionMask = 2147483647;
			files = (
			);
			runOnlyForDeploymentPostprocessing = 0;
		};
		749EBBBC26D2E3E600D31F20 /* Frameworks */ = {
			isa = PBXFrameworksBuildPhase;
			buildActionMask = 2147483647;
			files = (
			);
			runOnlyForDeploymentPostprocessing = 0;
		};
/* End PBXFrameworksBuildPhase section */

/* Begin PBXGroup section */
		749EBB9526D2E3E600D31F20 = {
			isa = PBXGroup;
			children = (
				749EBBA026D2E3E600D31F20 /* codepathprework */,
				749EBBB726D2E3E600D31F20 /* codepathpreworkTests */,
				749EBBC226D2E3E600D31F20 /* codepathpreworkUITests */,
				749EBB9F26D2E3E600D31F20 /* Products */,
			);
			sourceTree = "<group>";
		};
		749EBB9F26D2E3E600D31F20 /* Products */ = {
			isa = PBXGroup;
			children = (
				749EBB9E26D2E3E600D31F20 /* codepathprework.app */,
				749EBBB426D2E3E600D31F20 /* codepathpreworkTests.xctest */,
				749EBBBF26D2E3E600D31F20 /* codepathpreworkUITests.xctest */,
			);
			name = Products;
			sourceTree = "<group>";
		};
		749EBBA026D2E3E600D31F20 /* codepathprework */ = {
			isa = PBXGroup;
			children = (
				749EBBA126D2E3E600D31F20 /* AppDelegate.swift */,
				749EBBA326D2E3E600D31F20 /* SceneDelegate.swift */,
				749EBBA526D2E3E600D31F20 /* ViewController.swift */,
				749EBBA726D2E3E600D31F20 /* Main.storyboard */,
				749EBBAA26D2E3E600D31F20 /* Assets.xcassets */,
				749EBBAC26D2E3E600D31F20 /* LaunchScreen.storyboard */,
				749EBBAF26D2E3E600D31F20 /* Info.plist */,
			);
			path = codepathprework;
			sourceTree = "<group>";
		};
		749EBBB726D2E3E600D31F20 /* codepathpreworkTests */ = {
			isa = PBXGroup;
			children = (
				749EBBB826D2E3E600D31F20 /* codepathpreworkTests.swift */,
				749EBBBA26D2E3E600D31F20 /* Info.plist */,
			);
			path = codepathpreworkTests;
			sourceTree = "<group>";
		};
		749EBBC226D2E3E600D31F20 /* codepathpreworkUITests */ = {
			isa = PBXGroup;
			children = (
				749EBBC326D2E3E600D31F20 /* codepathpreworkUITests.swift */,
				749EBBC526D2E3E600D31F20 /* Info.plist */,
			);
			path = codepathpreworkUITests;
			sourceTree = "<group>";
		};
/* End PBXGroup section */

/* Begin PBXNativeTarget section */
		749EBB9D26D2E3E600D31F20 /* codepathprework */ = {
			isa = PBXNativeTarget;
			buildConfigurationList = 749EBBC826D2E3E600D31F20 /* Build configuration list for PBXNativeTarget "codepathprework" */;
			buildPhases = (
				749EBB9A26D2E3E600D31F20 /* Sources */,
				749EBB9B26D2E3E600D31F20 /* Frameworks */,
				749EBB9C26D2E3E600D31F20 /* Resources */,
			);
			buildRules = (
			);
			dependencies = (
			);
			name = codepathprework;
			productName = codepathprework;
			productReference = 749EBB9E26D2E3E600D31F20 /* codepathprework.app */;
			productType = "com.apple.product-type.application";
		};
		749EBBB326D2E3E600D31F20 /* codepathpreworkTests */ = {
			isa = PBXNativeTarget;
			buildConfigurationList = 749EBBCB26D2E3E600D31F20 /* Build configuration list for PBXNativeTarget "codepathpreworkTests" */;
			buildPhases = (
				749EBBB026D2E3E600D31F20 /* Sources */,
				749EBBB126D2E3E600D31F20 /* Frameworks */,
				749EBBB226D2E3E600D31F20 /* Resources */,
			);
			buildRules = (
			);
			dependencies = (
				749EBBB626D2E3E600D31F20 /* PBXTargetDependency */,
			);
			name = codepathpreworkTests;
			productName = codepathpreworkTests;
			productReference = 749EBBB426D2E3E600D31F20 /* codepathpreworkTests.xctest */;
			productType = "com.apple.product-type.bundle.unit-test";
		};
		749EBBBE26D2E3E600D31F20 /* codepathpreworkUITests */ = {
			isa = PBXNativeTarget;
			buildConfigurationList = 749EBBCE26D2E3E600D31F20 /* Build configuration list for PBXNativeTarget "codepathpreworkUITests" */;
			buildPhases = (
				749EBBBB26D2E3E600D31F20 /* Sources */,
				749EBBBC26D2E3E600D31F20 /* Frameworks */,
				749EBBBD26D2E3E600D31F20 /* Resources */,
			);
			buildRules = (
			);
			dependencies = (
				749EBBC126D2E3E600D31F20 /* PBXTargetDependency */,
			);
			name = codepathpreworkUITests;
			productName = codepathpreworkUITests;
			productReference = 749EBBBF26D2E3E600D31F20 /* codepathpreworkUITests.xctest */;
			productType = "com.apple.product-type.bundle.ui-testing";
		};
/* End PBXNativeTarget section */

/* Begin PBXProject section */
		749EBB9626D2E3E600D31F20 /* Project object */ = {
			isa = PBXProject;
			attributes = {
				LastSwiftUpdateCheck = 1250;
				LastUpgradeCheck = 1250;
				TargetAttributes = {
					749EBB9D26D2E3E600D31F20 = {
						CreatedOnToolsVersion = 12.5.1;
					};
					749EBBB326D2E3E600D31F20 = {
						CreatedOnToolsVersion = 12.5.1;
						TestTargetID = 749EBB9D26D2E3E600D31F20;
					};
					749EBBBE26D2E3E600D31F20 = {
						CreatedOnToolsVersion = 12.5.1;
						TestTargetID = 749EBB9D26D2E3E600D31F20;
					};
				};
			};
			buildConfigurationList = 749EBB9926D2E3E600D31F20 /* Build configuration list for PBXProject "codepathprework" */;
			compatibilityVersion = "Xcode 9.3";
			developmentRegion = en;
			hasScannedForEncodings = 0;
			knownRegions = (
				en,
				Base,
			);
			mainGroup = 749EBB9526D2E3E600D31F20;
			productRefGroup = 749EBB9F26D2E3E600D31F20 /* Products */;
			projectDirPath = "";
			projectRoot = "";
			targets = (
				749EBB9D26D2E3E600D31F20 /* codepathprework */,
				749EBBB326D2E3E600D31F20 /* codepathpreworkTests */,
				749EBBBE26D2E3E600D31F20 /* codepathpreworkUITests */,
			);
		};
/* End PBXProject section */

/* Begin PBXResourcesBuildPhase section */
		749EBB9C26D2E3E600D31F20 /* Resources */ = {
			isa = PBXResourcesBuildPhase;
			buildActionMask = 2147483647;
			files = (
				749EBBAE26D2E3E600D31F20 /* LaunchScreen.storyboard in Resources */,
				749EBBAB26D2E3E600D31F20 /* Assets.xcassets in Resources */,
				749EBBA926D2E3E600D31F20 /* Main.storyboard in Resources */,
			);
			runOnlyForDeploymentPostprocessing = 0;
		};
		749EBBB226D2E3E600D31F20 /* Resources */ = {
			isa = PBXResourcesBuildPhase;
			buildActionMask = 2147483647;
			files = (
			);
			runOnlyForDeploymentPostprocessing = 0;
		};
		749EBBBD26D2E3E600D31F20 /* Resources */ = {
			isa = PBXResourcesBuildPhase;
			buildActionMask = 2147483647;
			files = (
			);
			runOnlyForDeploymentPostprocessing = 0;
		};
/* End PBXResourcesBuildPhase section */

/* Begin PBXSourcesBuildPhase section */
		749EBB9A26D2E3E600D31F20 /* Sources */ = {
			isa = PBXSourcesBuildPhase;
			buildActionMask = 2147483647;
			files = (
				749EBBA626D2E3E600D31F20 /* ViewController.swift in Sources */,
				749EBBA226D2E3E600D31F20 /* AppDelegate.swift in Sources */,
				749EBBA426D2E3E600D31F20 /* SceneDelegate.swift in Sources */,
			);
			runOnlyForDeploymentPostprocessing = 0;
		};
		749EBBB026D2E3E600D31F20 /* Sources */ = {
			isa = PBXSourcesBuildPhase;
			buildActionMask = 2147483647;
			files = (
				749EBBB926D2E3E600D31F20 /* codepathpreworkTests.swift in Sources */,
			);
			runOnlyForDeploymentPostprocessing = 0;
		};
		749EBBBB26D2E3E600D31F20 /* Sources */ = {
			isa = PBXSourcesBuildPhase;
			buildActionMask = 2147483647;
			files = (
				749EBBC426D2E3E600D31F20 /* codepathpreworkUITests.swift in Sources */,
			);
			runOnlyForDeploymentPostprocessing = 0;
		};
/* End PBXSourcesBuildPhase section */

/* Begin PBXTargetDependency section */
		749EBBB626D2E3E600D31F20 /* PBXTargetDependency */ = {
			isa = PBXTargetDependency;
			target = 749EBB9D26D2E3E600D31F20 /* codepathprework */;
			targetProxy = 749EBBB526D2E3E600D31F20 /* PBXContainerItemProxy */;
		};
		749EBBC126D2E3E600D31F20 /* PBXTargetDependency */ = {
			isa = PBXTargetDependency;
			target = 749EBB9D26D2E3E600D31F20 /* codepathprework */;
			targetProxy = 749EBBC026D2E3E600D31F20 /* PBXContainerItemProxy */;
		};
/* End PBXTargetDependency section */

/* Begin PBXVariantGroup section */
		749EBBA726D2E3E600D31F20 /* Main.storyboard */ = {
			isa = PBXVariantGroup;
			children = (
				749EBBA826D2E3E600D31F20 /* Base */,
			);
			name = Main.storyboard;
			sourceTree = "<group>";
		};
		749EBBAC26D2E3E600D31F20 /* LaunchScreen.storyboard */ = {
			isa = PBXVariantGroup;
			children = (
				749EBBAD26D2E3E600D31F20 /* Base */,
			);
			name = LaunchScreen.storyboard;
			sourceTree = "<group>";
		};
/* End PBXVariantGroup section */

/* Begin XCBuildConfiguration section */
		749EBBC626D2E3E600D31F20 /* Debug */ = {
			isa = XCBuildConfiguration;
			buildSettings = {
				ALWAYS_SEARCH_USER_PATHS = NO;
				CLANG_ANALYZER_NONNULL = YES;
				CLANG_ANALYZER_NUMBER_OBJECT_CONVERSION = YES_AGGRESSIVE;
				CLANG_CXX_LANGUAGE_STANDARD = "gnu++14";
				CLANG_CXX_LIBRARY = "libc++";
				CLANG_ENABLE_MODULES = YES;
				CLANG_ENABLE_OBJC_ARC = YES;
				CLANG_ENABLE_OBJC_WEAK = YES;
				CLANG_WARN_BLOCK_CAPTURE_AUTORELEASING = YES;
				CLANG_WARN_BOOL_CONVERSION = YES;
				CLANG_WARN_COMMA = YES;
				CLANG_WARN_CONSTANT_CONVERSION = YES;
				CLANG_WARN_DEPRECATED_OBJC_IMPLEMENTATIONS = YES;
				CLANG_WARN_DIRECT_OBJC_ISA_USAGE = YES_ERROR;
				CLANG_WARN_DOCUMENTATION_COMMENTS = YES;
				CLANG_WARN_EMPTY_BODY = YES;
				CLANG_WARN_ENUM_CONVERSION = YES;
				CLANG_WARN_INFINITE_RECURSION = YES;
				CLANG_WARN_INT_CONVERSION = YES;
				CLANG_WARN_NON_LITERAL_NULL_CONVERSION = YES;
				CLANG_WARN_OBJC_IMPLICIT_RETAIN_SELF = YES;
				CLANG_WARN_OBJC_LITERAL_CONVERSION = YES;
				CLANG_WARN_OBJC_ROOT_CLASS = YES_ERROR;
				CLANG_WARN_QUOTED_INCLUDE_IN_FRAMEWORK_HEADER = YES;
				CLANG_WARN_RANGE_LOOP_ANALYSIS = YES;
				CLANG_WARN_STRICT_PROTOTYPES = YES;
				CLANG_WARN_SUSPICIOUS_MOVE = YES;
				CLANG_WARN_UNGUARDED_AVAILABILITY = YES_AGGRESSIVE;
				CLANG_WARN_UNREACHABLE_CODE = YES;
				CLANG_WARN__DUPLICATE_METHOD_MATCH = YES;
				COPY_PHASE_STRIP = NO;
				DEBUG_INFORMATION_FORMAT = dwarf;
				ENABLE_STRICT_OBJC_MSGSEND = YES;
				ENABLE_TESTABILITY = YES;
				GCC_C_LANGUAGE_STANDARD = gnu11;
				GCC_DYNAMIC_NO_PIC = NO;
				GCC_NO_COMMON_BLOCKS = YES;
				GCC_OPTIMIZATION_LEVEL = 0;
				GCC_PREPROCESSOR_DEFINITIONS = (
					"DEBUG=1",
					"$(inherited)",
				);
				GCC_WARN_64_TO_32_BIT_CONVERSION = YES;
				GCC_WARN_ABOUT_RETURN_TYPE = YES_ERROR;
				GCC_WARN_UNDECLARED_SELECTOR = YES;
				GCC_WARN_UNINITIALIZED_AUTOS = YES_AGGRESSIVE;
				GCC_WARN_UNUSED_FUNCTION = YES;
				GCC_WARN_UNUSED_VARIABLE = YES;
				IPHONEOS_DEPLOYMENT_TARGET = 14.5;
				MTL_ENABLE_DEBUG_INFO = INCLUDE_SOURCE;
				MTL_FAST_MATH = YES;
				ONLY_ACTIVE_ARCH = YES;
				SDKROOT = iphoneos;
				SWIFT_ACTIVE_COMPILATION_CONDITIONS = DEBUG;
				SWIFT_OPTIMIZATION_LEVEL = "-Onone";
			};
			name = Debug;
		};
		749EBBC726D2E3E600D31F20 /* Release */ = {
			isa = XCBuildConfiguration;
			buildSettings = {
				ALWAYS_SEARCH_USER_PATHS = NO;
				CLANG_ANALYZER_NONNULL = YES;
				CLANG_ANALYZER_NUMBER_OBJECT_CONVERSION = YES_AGGRESSIVE;
				CLANG_CXX_LANGUAGE_STANDARD = "gnu++14";
				CLANG_CXX_LIBRARY = "libc++";
				CLANG_ENABLE_MODULES = YES;
				CLANG_ENABLE_OBJC_ARC = YES;
				CLANG_ENABLE_OBJC_WEAK = YES;
				CLANG_WARN_BLOCK_CAPTURE_AUTORELEASING = YES;
				CLANG_WARN_BOOL_CONVERSION = YES;
				CLANG_WARN_COMMA = YES;
				CLANG_WARN_CONSTANT_CONVERSION = YES;
				CLANG_WARN_DEPRECATED_OBJC_IMPLEMENTATIONS = YES;
				CLANG_WARN_DIRECT_OBJC_ISA_USAGE = YES_ERROR;
				CLANG_WARN_DOCUMENTATION_COMMENTS = YES;
				CLANG_WARN_EMPTY_BODY = YES;
				CLANG_WARN_ENUM_CONVERSION = YES;
				CLANG_WARN_INFINITE_RECURSION = YES;
				CLANG_WARN_INT_CONVERSION = YES;
				CLANG_WARN_NON_LITERAL_NULL_CONVERSION = YES;
				CLANG_WARN_OBJC_IMPLICIT_RETAIN_SELF = YES;
				CLANG_WARN_OBJC_LITERAL_CONVERSION = YES;
				CLANG_WARN_OBJC_ROOT_CLASS = YES_ERROR;
				CLANG_WARN_QUOTED_INCLUDE_IN_FRAMEWORK_HEADER = YES;
				CLANG_WARN_RANGE_LOOP_ANALYSIS = YES;
				CLANG_WARN_STRICT_PROTOTYPES = YES;
				CLANG_WARN_SUSPICIOUS_MOVE = YES;
				CLANG_WARN_UNGUARDED_AVAILABILITY = YES_AGGRESSIVE;
				CLANG_WARN_UNREACHABLE_CODE = YES;
				CLANG_WARN__DUPLICATE_METHOD_MATCH = YES;
				COPY_PHASE_STRIP = NO;
				DEBUG_INFORMATION_FORMAT = "dwarf-with-dsym";
				ENABLE_NS_ASSERTIONS = NO;
				ENABLE_STRICT_OBJC_MSGSEND = YES;
				GCC_C_LANGUAGE_STANDARD = gnu11;
				GCC_NO_COMMON_BLOCKS = YES;
				GCC_WARN_64_TO_32_BIT_CONVERSION = YES;
				GCC_WARN_ABOUT_RETURN_TYPE = YES_ERROR;
				GCC_WARN_UNDECLARED_SELECTOR = YES;
				GCC_WARN_UNINITIALIZED_AUTOS = YES_AGGRESSIVE;
				GCC_WARN_UNUSED_FUNCTION = YES;
				GCC_WARN_UNUSED_VARIABLE = YES;
				IPHONEOS_DEPLOYMENT_TARGET = 14.5;
				MTL_ENABLE_DEBUG_INFO = NO;
				MTL_FAST_MATH = YES;
				SDKROOT = iphoneos;
				SWIFT_COMPILATION_MODE = wholemodule;
				SWIFT_OPTIMIZATION_LEVEL = "-O";
				VALIDATE_PRODUCT = YES;
			};
			name = Release;
		};
		749EBBC926D2E3E600D31F20 /* Debug */ = {
			isa = XCBuildConfiguration;
			buildSettings = {
				ASSETCATALOG_COMPILER_APPICON_NAME = AppIcon;
				ASSETCATALOG_COMPILER_GLOBAL_ACCENT_COLOR_NAME = AccentColor;
				CODE_SIGN_STYLE = Automatic;
				DEVELOPMENT_TEAM = 7HJ344MTR2;
				INFOPLIST_FILE = codepathprework/Info.plist;
				LD_RUNPATH_SEARCH_PATHS = (
					"$(inherited)",
					"@executable_path/Frameworks",
				);
				PRODUCT_BUNDLE_IDENTIFIER = acoup.com.codepathprework;
				PRODUCT_NAME = "$(TARGET_NAME)";
				SWIFT_VERSION = 5.0;
				TARGETED_DEVICE_FAMILY = "1,2";
			};
			name = Debug;
		};
		749EBBCA26D2E3E600D31F20 /* Release */ = {
			isa = XCBuildConfiguration;
			buildSettings = {
				ASSETCATALOG_COMPILER_APPICON_NAME = AppIcon;
				ASSETCATALOG_COMPILER_GLOBAL_ACCENT_COLOR_NAME = AccentColor;
				CODE_SIGN_STYLE = Automatic;
				DEVELOPMENT_TEAM = 7HJ344MTR2;
				INFOPLIST_FILE = codepathprework/Info.plist;
				LD_RUNPATH_SEARCH_PATHS = (
					"$(inherited)",
					"@executable_path/Frameworks",
				);
				PRODUCT_BUNDLE_IDENTIFIER = acoup.com.codepathprework;
				PRODUCT_NAME = "$(TARGET_NAME)";
				SWIFT_VERSION = 5.0;
				TARGETED_DEVICE_FAMILY = "1,2";
			};
			name = Release;
		};
		749EBBCC26D2E3E600D31F20 /* Debug */ = {
			isa = XCBuildConfiguration;
			buildSettings = {
				ALWAYS_EMBED_SWIFT_STANDARD_LIBRARIES = YES;
				BUNDLE_LOADER = "$(TEST_HOST)";
				CODE_SIGN_STYLE = Automatic;
				DEVELOPMENT_TEAM = 7HJ344MTR2;
				INFOPLIST_FILE = codepathpreworkTests/Info.plist;
				IPHONEOS_DEPLOYMENT_TARGET = 14.5;
				LD_RUNPATH_SEARCH_PATHS = (
					"$(inherited)",
					"@executable_path/Frameworks",
					"@loader_path/Frameworks",
				);
				PRODUCT_BUNDLE_IDENTIFIER = acoup.com.codepathpreworkTests;
				PRODUCT_NAME = "$(TARGET_NAME)";
				SWIFT_VERSION = 5.0;
				TARGETED_DEVICE_FAMILY = "1,2";
				TEST_HOST = "$(BUILT_PRODUCTS_DIR)/codepathprework.app/codepathprework";
			};
			name = Debug;
		};
		749EBBCD26D2E3E600D31F20 /* Release */ = {
			isa = XCBuildConfiguration;
			buildSettings = {
				ALWAYS_EMBED_SWIFT_STANDARD_LIBRARIES = YES;
				BUNDLE_LOADER = "$(TEST_HOST)";
				CODE_SIGN_STYLE = Automatic;
				DEVELOPMENT_TEAM = 7HJ344MTR2;
				INFOPLIST_FILE = codepathpreworkTests/Info.plist;
				IPHONEOS_DEPLOYMENT_TARGET = 14.5;
				LD_RUNPATH_SEARCH_PATHS = (
					"$(inherited)",
					"@executable_path/Frameworks",
					"@loader_path/Frameworks",
				);
				PRODUCT_BUNDLE_IDENTIFIER = acoup.com.codepathpreworkTests;
				PRODUCT_NAME = "$(TARGET_NAME)";
				SWIFT_VERSION = 5.0;
				TARGETED_DEVICE_FAMILY = "1,2";
				TEST_HOST = "$(BUILT_PRODUCTS_DIR)/codepathprework.app/codepathprework";
			};
			name = Release;
		};
		749EBBCF26D2E3E600D31F20 /* Debug */ = {
			isa = XCBuildConfiguration;
			buildSettings = {
				ALWAYS_EMBED_SWIFT_STANDARD_LIBRARIES = YES;
				CODE_SIGN_STYLE = Automatic;
				DEVELOPMENT_TEAM = 7HJ344MTR2;
				INFOPLIST_FILE = codepathpreworkUITests/Info.plist;
				LD_RUNPATH_SEARCH_PATHS = (
					"$(inherited)",
					"@executable_path/Frameworks",
					"@loader_path/Frameworks",
				);
				PRODUCT_BUNDLE_IDENTIFIER = acoup.com.codepathpreworkUITests;
				PRODUCT_NAME = "$(TARGET_NAME)";
				SWIFT_VERSION = 5.0;
				TARGETED_DEVICE_FAMILY = "1,2";
				TEST_TARGET_NAME = codepathprework;
			};
			name = Debug;
		};
		749EBBD026D2E3E600D31F20 /* Release */ = {
			isa = XCBuildConfiguration;
			buildSettings = {
				ALWAYS_EMBED_SWIFT_STANDARD_LIBRARIES = YES;
				CODE_SIGN_STYLE = Automatic;
				DEVELOPMENT_TEAM = 7HJ344MTR2;
				INFOPLIST_FILE = codepathpreworkUITests/Info.plist;
				LD_RUNPATH_SEARCH_PATHS = (
					"$(inherited)",
					"@executable_path/Frameworks",
					"@loader_path/Frameworks",
				);
				PRODUCT_BUNDLE_IDENTIFIER = acoup.com.codepathpreworkUITests;
				PRODUCT_NAME = "$(TARGET_NAME)";
				SWIFT_VERSION = 5.0;
				TARGETED_DEVICE_FAMILY = "1,2";
				TEST_TARGET_NAME = codepathprework;
			};
			name = Release;
		};
/* End XCBuildConfiguration section */

/* Begin XCConfigurationList section */
		749EBB9926D2E3E600D31F20 /* Build configuration list for PBXProject "codepathprework" */ = {
			isa = XCConfigurationList;
			buildConfigurations = (
				749EBBC626D2E3E600D31F20 /* Debug */,
				749EBBC726D2E3E600D31F20 /* Release */,
			);
			defaultConfigurationIsVisible = 0;
			defaultConfigurationName = Release;
		};
		749EBBC826D2E3E600D31F20 /* Build configuration list for PBXNativeTarget "codepathprework" */ = {
			isa = XCConfigurationList;
			buildConfigurations = (
				749EBBC926D2E3E600D31F20 /* Debug */,
				749EBBCA26D2E3E600D31F20 /* Release */,
			);
			defaultConfigurationIsVisible = 0;
			defaultConfigurationName = Release;
		};
		749EBBCB26D2E3E600D31F20 /* Build configuration list for PBXNativeTarget "codepathpreworkTests" */ = {
			isa = XCConfigurationList;
			buildConfigurations = (
				749EBBCC26D2E3E600D31F20 /* Debug */,
				749EBBCD26D2E3E600D31F20 /* Release */,
			);
			defaultConfigurationIsVisible = 0;
			defaultConfigurationName = Release;
		};
		749EBBCE26D2E3E600D31F20 /* Build configuration list for PBXNativeTarget "codepathpreworkUITests" */ = {
			isa = XCConfigurationList;
			buildConfigurations = (
				749EBBCF26D2E3E600D31F20 /* Debug */,
				749EBBD026D2E3E600D31F20 /* Release */,
			);
			defaultConfigurationIsVisible = 0;
			defaultConfigurationName = Release;
		};
/* End XCConfigurationList section */
	};
	rootObject = 749EBB9626D2E3E600D31F20 /* Project object */;
}
